
Microsoft Visual Studio Solution File, Format Version 12.00
# Visual Studio 14
VisualStudioVersion = 14.0.25420.1
MinimumVisualStudioVersion = 10.0.40219.1
Project("{FAE04EC0-301F-11D3-BF4B-00C04F79EFBC}") = "HashHunters.MinerMonitor.Common", "HashHunters.MinerMonitor.Common\HashHunters.MinerMonitor.Common.csproj", "{02E4220A-8609-4AEB-9267-5892BDB13ADD}"
EndProject
Project("{FAE04EC0-301F-11D3-BF4B-00C04F79EFBC}") = "HashHunters.MinerMonitor.Server", "HashHunters.MinerMonitor.Server\HashHunters.MinerMonitor.Server.csproj", "{1D9723C3-F09B-4633-B0D2-D6E85855DEFF}"
EndProject
Project("{FAE04EC0-301F-11D3-BF4B-00C04F79EFBC}") = "HashHunters.MinerMonitor.RigClient", "HashHunters.MinerMonitor.RigClient\HashHunters.MinerMonitor.RigClient.csproj", "{D4AC930F-927E-4E47-B426-DBF23F0D837C}"
EndProject
Project("{FAE04EC0-301F-11D3-BF4B-00C04F79EFBC}") = "HashHunters.SafeTemperature", "HashHunters.SafeTemperature\HashHunters.SafeTemperature.csproj", "{C2FAF282-6BAC-4797-9C1F-216FAA959511}"
EndProject
Project("{2150E333-8FDC-42A3-9474-1A3956D46DE8}") = "GPUAPIs", "GPUAPIs", "{095BB3E0-1DED-4611-8198-70941705EAA4}"
EndProject
Project("{FAE04EC0-301F-11D3-BF4B-00C04F79EFBC}") = "HashHunters.NVidiaAPI", "HashHunters.NVidiaAPI\HashHunters.NVidiaAPI.csproj", "{50E1A112-1688-4021-9E1C-54101C7A7ABD}"
EndProject
Project("{FAE04EC0-301F-11D3-BF4B-00C04F79EFBC}") = "HashHunters.AMDAPI", "HashHunters.AMDAPI\HashHunters.AMDAPI.csproj", "{CA0F46B7-EC83-42FA-B416-C87A0EE75464}"
EndProject
Project("{FAE04EC0-301F-11D3-BF4B-00C04F79EFBC}") = "NVAPISharp", "nvapi.net\NVAPISharp.csproj", "{8E3423A5-88A5-4AA8-B9C6-F90771063D9D}"
EndProject
Global
	GlobalSection(SolutionConfigurationPlatforms) = preSolution
		Debug|Any CPU = Debug|Any CPU
		Release|Any CPU = Release|Any CPU
	EndGlobalSection
	GlobalSection(ProjectConfigurationPlatforms) = postSolution
		{02E4220A-8609-4AEB-9267-5892BDB13ADD}.Debug|Any CPU.ActiveCfg = Debug|Any CPU
		{02E4220A-8609-4AEB-9267-5892BDB13ADD}.Debug|Any CPU.Build.0 = Debug|Any CPU
		{02E4220A-8609-4AEB-9267-5892BDB13ADD}.Release|Any CPU.ActiveCfg = Release|Any CPU
		{02E4220A-8609-4AEB-9267-5892BDB13ADD}.Release|Any CPU.Build.0 = Release|Any CPU
		{1D9723C3-F09B-4633-B0D2-D6E85855DEFF}.Debug|Any CPU.ActiveCfg = Debug|Any CPU
		{1D9723C3-F09B-4633-B0D2-D6E85855DEFF}.Debug|Any CPU.Build.0 = Debug|Any CPU
		{1D9723C3-F09B-4633-B0D2-D6E85855DEFF}.Release|Any CPU.ActiveCfg = Release|Any CPU
		{1D9723C3-F09B-4633-B0D2-D6E85855DEFF}.Release|Any CPU.Build.0 = Release|Any CPU
		{D4AC930F-927E-4E47-B426-DBF23F0D837C}.Debug|Any CPU.ActiveCfg = Debug|Any CPU
		{D4AC930F-927E-4E47-B426-DBF23F0D837C}.Debug|Any CPU.Build.0 = Debug|Any CPU
		{D4AC930F-927E-4E47-B426-DBF23F0D837C}.Release|Any CPU.ActiveCfg = Release|Any CPU
		{D4AC930F-927E-4E47-B426-DBF23F0D837C}.Release|Any CPU.Build.0 = Release|Any CPU
		{C2FAF282-6BAC-4797-9C1F-216FAA959511}.Debug|Any CPU.ActiveCfg = Debug|Any CPU
		{C2FAF282-6BAC-4797-9C1F-216FAA959511}.Debug|Any CPU.Build.0 = Debug|Any CPU
		{C2FAF282-6BAC-4797-9C1F-216FAA959511}.Release|Any CPU.ActiveCfg = Release|Any CPU
		{C2FAF282-6BAC-4797-9C1F-216FAA959511}.Release|Any CPU.Build.0 = Release|Any CPU
		{50E1A112-1688-4021-9E1C-54101C7A7ABD}.Debug|Any CPU.ActiveCfg = Debug|Any CPU
		{50E1A112-1688-4021-9E1C-54101C7A7ABD}.Debug|Any CPU.Build.0 = Debug|Any CPU
		{50E1A112-1688-4021-9E1C-54101C7A7ABD}.Release|Any CPU.ActiveCfg = Release|Any CPU
		{50E1A112-1688-4021-9E1C-54101C7A7ABD}.Release|Any CPU.Build.0 = Release|Any CPU
		{CA0F46B7-EC83-42FA-B416-C87A0EE75464}.Debug|Any CPU.ActiveCfg = Debug|Any CPU
		{CA0F46B7-EC83-42FA-B416-C87A0EE75464}.Debug|Any CPU.Build.0 = Debug|Any CPU
		{CA0F46B7-EC83-42FA-B416-C87A0EE75464}.Release|Any CPU.ActiveCfg = Release|Any CPU
		{CA0F46B7-EC83-42FA-B416-C87A0EE75464}.Release|Any CPU.Build.0 = Release|Any CPU
		{8E3423A5-88A5-4AA8-B9C6-F90771063D9D}.Debug|Any CPU.ActiveCfg = Debug|Any CPU
		{8E3423A5-88A5-4AA8-B9C6-F90771063D9D}.Debug|Any CPU.Build.0 = Debug|Any CPU
		{8E3423A5-88A5-4AA8-B9C6-F90771063D9D}.Release|Any CPU.ActiveCfg = Release|Any CPU
		{8E3423A5-88A5-4AA8-B9C6-F90771063D9D}.Release|Any CPU.Build.0 = Release|Any CPU
	EndGlobalSection
	GlobalSection(SolutionProperties) = preSolution
		HideSolutionNode = FALSE
	EndGlobalSection
	GlobalSection(NestedProjects) = preSolution
		{50E1A112-1688-4021-9E1C-54101C7A7ABD} = {095BB3E0-1DED-4611-8198-70941705EAA4}
		{CA0F46B7-EC83-42FA-B416-C87A0EE75464} = {095BB3E0-1DED-4611-8198-70941705EAA4}
	EndGlobalSection
EndGlobal
